
Microsoft Visual Studio Solution File, Format Version 12.00
# Visual Studio Version 17
VisualStudioVersion = 17.9.34723.18
MinimumVisualStudioVersion = 10.0.40219.1
Project("{FAE04EC0-301F-11D3-BF4B-00C04F79EFBC}") = "2FAWithIdentity", "2FAWithIdentity\2FAWithIdentity.csproj", "{3A440688-847C-4BC2-8BFA-3BD87FA9D2F2}"
EndProject
Global
	GlobalSection(SolutionConfigurationPlatforms) = preSolution
		Debug|Any CPU = Debug|Any CPU
		Release|Any CPU = Release|Any CPU
	EndGlobalSection
	GlobalSection(ProjectConfigurationPlatforms) = postSolution
		{3A440688-847C-4BC2-8BFA-3BD87FA9D2F2}.Debug|Any CPU.ActiveCfg = Debug|Any CPU
		{3A440688-847C-4BC2-8BFA-3BD87FA9D2F2}.Debug|Any CPU.Build.0 = Debug|Any CPU
		{3A440688-847C-4BC2-8BFA-3BD87FA9D2F2}.Release|Any CPU.ActiveCfg = Release|Any CPU
		{3A440688-847C-4BC2-8BFA-3BD87FA9D2F2}.Release|Any CPU.Build.0 = Release|Any CPU
	EndGlobalSection
	GlobalSection(SolutionProperties) = preSolution
		HideSolutionNode = FALSE
	EndGlobalSection
	GlobalSection(ExtensibilityGlobals) = postSolution
		SolutionGuid = {6F59B2B3-F71F-4929-8153-65206C4E93AA}
	EndGlobalSection
EndGlobal
